<?xml version="1.0" encoding="utf-8"?>
<Project ToolsVersion="4.0" xmlns="http://schemas.microsoft.com/developer/msbuild/2003">
  <ItemGroup>
    <ClInclude Include="include\Framework.hpp" />
    <ClInclude Include="include\Game.hpp" />
    <ClInclude Include="include\Grip.hpp" />
    <ClInclude Include="include\Input.hpp" />
    <ClInclude Include="include\Timer.hpp" />
    <ClInclude Include="src\input\InputDirectInput.hpp" />
    <ClInclude Include="include\Graphics.hpp" />
    <ClInclude Include="src\GameSampleVulkan.hpp" />
    <ClInclude Include="src\GameSampleD3D12.hpp" />
    <ClInclude Include="include\Utility.hpp" />
  </ItemGroup>
  <ItemGroup>
    <ClCompile Include="src\Framework.cpp" />
    <ClCompile Include="src\Main.cpp" />
    <ClCompile Include="src\input\InputDirectInput.cpp" />
    <ClCompile Include="src\GameSampleVulkan.cpp" />
    <ClCompile Include="src\GameSampleD3D12.cpp" />
  </ItemGroup>
  <ItemGroup>
    <ResourceCompile Include="resource\resource.rc" />
  </ItemGroup>
</Project>